lockfileVersion: '9.0'

settings:
  autoInstallPeers: true
  excludeLinksFromLockfile: false

importers:

  .:
    dependencies:
      '@hono/node-server':
        specifier: ^1.19.3
        version: 1.19.3(hono@4.9.7)
      hono:
        specifier: ^4.9.7
        version: 4.9.7
    devDependencies:
      '@types/node':
        specifier: ^24.5.0
        version: 24.5.0
      typescript:
        specifier: ^5.9.2
        version: 5.9.2

packages:

  '@hono/node-server@1.19.3':
    resolution: {integrity: sha512-Fjyxfux0rMPXMSob79OmddfpK5ArJa2xLkLCV+zamHkbeXQtSNKOi0keiBKyHZ/hCRKjigjmKGp4AJnDFq8PUw==}
    engines: {node: '>=18.14.1'}
    peerDependencies:
      hono: ^4

  '@types/node@24.5.0':
    resolution: {integrity: sha512-y1dMvuvJspJiPSDZUQ+WMBvF7dpnEqN4x9DDC9ie5Fs/HUZJA3wFp7EhHoVaKX/iI0cRoECV8X2jL8zi0xrHCg==}

  hono@4.9.7:
    resolution: {integrity: sha512-t4Te6ERzIaC48W3x4hJmBwgNlLhmiEdEE5ViYb02ffw4ignHNHa5IBtPjmbKstmtKa8X6C35iWwK4HaqvrzG9w==}
    engines: {node: '>=16.9.0'}

  typescript@5.9.2:
    resolution: {integrity: sha512-CWBzXQrc/qOkhidw1OzBTQuYRbfyxDXJMVJ1XNwUHGROVmuaeiEm3OslpZ1RV96d7SKKjZKrSJu3+t/xlw3R9A==}
    engines: {node: '>=14.17'}
    hasBin: true

  undici-types@7.12.0:
    resolution: {integrity: sha512-goOacqME2GYyOZZfb5Lgtu+1IDmAlAEu5xnD3+xTzS10hT0vzpf0SPjkXwAw9Jm+4n/mQGDP3LO8CPbYROeBfQ==}

snapshots:

  '@hono/node-server@1.19.3(hono@4.9.7)':
    dependencies:
      hono: 4.9.7

  '@types/node@24.5.0':
    dependencies:
      undici-types: 7.12.0

  hono@4.9.7: {}

  typescript@5.9.2: {}

  undici-types@7.12.0: {}
